
Microsoft Visual Studio Solution File, Format Version 12.00
# Visual Studio Version 16
VisualStudioVersion = 16.0.30114.105
MinimumVisualStudioVersion = 10.0.40219.1
Project("{FAE04EC0-301F-11D3-BF4B-00C04F79EFBC}") = "API", "API\API.csproj", "{870CA82B-3011-479F-ACC7-D2AD396EEA6F}"
EndProject
Project("{FAE04EC0-301F-11D3-BF4B-00C04F79EFBC}") = "Application", "Application\Application.csproj", "{4D0AC26C-EF93-4ADC-A427-ABE2D40D47ED}"
EndProject
Project("{FAE04EC0-301F-11D3-BF4B-00C04F79EFBC}") = "Persistence", "Persistence\Persistence.csproj", "{CC425171-240F-4E91-AA2C-9DA84552358C}"
EndProject
Project("{FAE04EC0-301F-11D3-BF4B-00C04F79EFBC}") = "Domain", "Domain\Domain.csproj", "{ACA7E888-CF15-4080-946D-D3656D163525}"
EndProject
Project("{FAE04EC0-301F-11D3-BF4B-00C04F79EFBC}") = "Infrastructure", "Infrastructure\Infrastructure.csproj", "{3EC30E8E-79B0-40A3-9A6E-AA079BF334A3}"
EndProject
Global
	GlobalSection(SolutionConfigurationPlatforms) = preSolution
		Debug|Any CPU = Debug|Any CPU
		Debug|x64 = Debug|x64
		Debug|x86 = Debug|x86
		Release|Any CPU = Release|Any CPU
		Release|x64 = Release|x64
		Release|x86 = Release|x86
	EndGlobalSection
	GlobalSection(SolutionProperties) = preSolution
		HideSolutionNode = FALSE
	EndGlobalSection
	GlobalSection(ProjectConfigurationPlatforms) = postSolution
		{870CA82B-3011-479F-ACC7-D2AD396EEA6F}.Debug|Any CPU.ActiveCfg = Debug|Any CPU
		{870CA82B-3011-479F-ACC7-D2AD396EEA6F}.Debug|Any CPU.Build.0 = Debug|Any CPU
		{870CA82B-3011-479F-ACC7-D2AD396EEA6F}.Debug|x64.ActiveCfg = Debug|Any CPU
		{870CA82B-3011-479F-ACC7-D2AD396EEA6F}.Debug|x64.Build.0 = Debug|Any CPU
		{870CA82B-3011-479F-ACC7-D2AD396EEA6F}.Debug|x86.ActiveCfg = Debug|Any CPU
		{870CA82B-3011-479F-ACC7-D2AD396EEA6F}.Debug|x86.Build.0 = Debug|Any CPU
		{870CA82B-3011-479F-ACC7-D2AD396EEA6F}.Release|Any CPU.ActiveCfg = Release|Any CPU
		{870CA82B-3011-479F-ACC7-D2AD396EEA6F}.Release|Any CPU.Build.0 = Release|Any CPU
		{870CA82B-3011-479F-ACC7-D2AD396EEA6F}.Release|x64.ActiveCfg = Release|Any CPU
		{870CA82B-3011-479F-ACC7-D2AD396EEA6F}.Release|x64.Build.0 = Release|Any CPU
		{870CA82B-3011-479F-ACC7-D2AD396EEA6F}.Release|x86.ActiveCfg = Release|Any CPU
		{870CA82B-3011-479F-ACC7-D2AD396EEA6F}.Release|x86.Build.0 = Release|Any CPU
		{4D0AC26C-EF93-4ADC-A427-ABE2D40D47ED}.Debug|Any CPU.ActiveCfg = Debug|Any CPU
		{4D0AC26C-EF93-4ADC-A427-ABE2D40D47ED}.Debug|Any CPU.Build.0 = Debug|Any CPU
		{4D0AC26C-EF93-4ADC-A427-ABE2D40D47ED}.Debug|x64.ActiveCfg = Debug|Any CPU
		{4D0AC26C-EF93-4ADC-A427-ABE2D40D47ED}.Debug|x64.Build.0 = Debug|Any CPU
		{4D0AC26C-EF93-4ADC-A427-ABE2D40D47ED}.Debug|x86.ActiveCfg = Debug|Any CPU
		{4D0AC26C-EF93-4ADC-A427-ABE2D40D47ED}.Debug|x86.Build.0 = Debug|Any CPU
		{4D0AC26C-EF93-4ADC-A427-ABE2D40D47ED}.Release|Any CPU.ActiveCfg = Release|Any CPU
		{4D0AC26C-EF93-4ADC-A427-ABE2D40D47ED}.Release|Any CPU.Build.0 = Release|Any CPU
		{4D0AC26C-EF93-4ADC-A427-ABE2D40D47ED}.Release|x64.ActiveCfg = Release|Any CPU
		{4D0AC26C-EF93-4ADC-A427-ABE2D40D47ED}.Release|x64.Build.0 = Release|Any CPU
		{4D0AC26C-EF93-4ADC-A427-ABE2D40D47ED}.Release|x86.ActiveCfg = Release|Any CPU
		{4D0AC26C-EF93-4ADC-A427-ABE2D40D47ED}.Release|x86.Build.0 = Release|Any CPU
		{CC425171-240F-4E91-AA2C-9DA84552358C}.Debug|Any CPU.ActiveCfg = Debug|Any CPU
		{CC425171-240F-4E91-AA2C-9DA84552358C}.Debug|Any CPU.Build.0 = Debug|Any CPU
		{CC425171-240F-4E91-AA2C-9DA84552358C}.Debug|x64.ActiveCfg = Debug|Any CPU
		{CC425171-240F-4E91-AA2C-9DA84552358C}.Debug|x64.Build.0 = Debug|Any CPU
		{CC425171-240F-4E91-AA2C-9DA84552358C}.Debug|x86.ActiveCfg = Debug|Any CPU
		{CC425171-240F-4E91-AA2C-9DA84552358C}.Debug|x86.Build.0 = Debug|Any CPU
		{CC425171-240F-4E91-AA2C-9DA84552358C}.Release|Any CPU.ActiveCfg = Release|Any CPU
		{CC425171-240F-4E91-AA2C-9DA84552358C}.Release|Any CPU.Build.0 = Release|Any CPU
		{CC425171-240F-4E91-AA2C-9DA84552358C}.Release|x64.ActiveCfg = Release|Any CPU
		{CC425171-240F-4E91-AA2C-9DA84552358C}.Release|x64.Build.0 = Release|Any CPU
		{CC425171-240F-4E91-AA2C-9DA84552358C}.Release|x86.ActiveCfg = Release|Any CPU
		{CC425171-240F-4E91-AA2C-9DA84552358C}.Release|x86.Build.0 = Release|Any CPU
		{ACA7E888-CF15-4080-946D-D3656D163525}.Debug|Any CPU.ActiveCfg = Debug|Any CPU
		{ACA7E888-CF15-4080-946D-D3656D163525}.Debug|Any CPU.Build.0 = Debug|Any CPU
		{ACA7E888-CF15-4080-946D-D3656D163525}.Debug|x64.ActiveCfg = Debug|Any CPU
		{ACA7E888-CF15-4080-946D-D3656D163525}.Debug|x64.Build.0 = Debug|Any CPU
		{ACA7E888-CF15-4080-946D-D3656D163525}.Debug|x86.ActiveCfg = Debug|Any CPU
		{ACA7E888-CF15-4080-946D-D3656D163525}.Debug|x86.Build.0 = Debug|Any CPU
		{ACA7E888-CF15-4080-946D-D3656D163525}.Release|Any CPU.ActiveCfg = Release|Any CPU
		{ACA7E888-CF15-4080-946D-D3656D163525}.Release|Any CPU.Build.0 = Release|Any CPU
		{ACA7E888-CF15-4080-946D-D3656D163525}.Release|x64.ActiveCfg = Release|Any CPU
		{ACA7E888-CF15-4080-946D-D3656D163525}.Release|x64.Build.0 = Release|Any CPU
		{ACA7E888-CF15-4080-946D-D3656D163525}.Release|x86.ActiveCfg = Release|Any CPU
		{ACA7E888-CF15-4080-946D-D3656D163525}.Release|x86.Build.0 = Release|Any CPU
		{3EC30E8E-79B0-40A3-9A6E-AA079BF334A3}.Debug|Any CPU.ActiveCfg = Debug|Any CPU
		{3EC30E8E-79B0-40A3-9A6E-AA079BF334A3}.Debug|Any CPU.Build.0 = Debug|Any CPU
		{3EC30E8E-79B0-40A3-9A6E-AA079BF334A3}.Debug|x64.ActiveCfg = Debug|Any CPU
		{3EC30E8E-79B0-40A3-9A6E-AA079BF334A3}.Debug|x64.Build.0 = Debug|Any CPU
		{3EC30E8E-79B0-40A3-9A6E-AA079BF334A3}.Debug|x86.ActiveCfg = Debug|Any CPU
		{3EC30E8E-79B0-40A3-9A6E-AA079BF334A3}.Debug|x86.Build.0 = Debug|Any CPU
		{3EC30E8E-79B0-40A3-9A6E-AA079BF334A3}.Release|Any CPU.ActiveCfg = Release|Any CPU
		{3EC30E8E-79B0-40A3-9A6E-AA079BF334A3}.Release|Any CPU.Build.0 = Release|Any CPU
		{3EC30E8E-79B0-40A3-9A6E-AA079BF334A3}.Release|x64.ActiveCfg = Release|Any CPU
		{3EC30E8E-79B0-40A3-9A6E-AA079BF334A3}.Release|x64.Build.0 = Release|Any CPU
		{3EC30E8E-79B0-40A3-9A6E-AA079BF334A3}.Release|x86.ActiveCfg = Release|Any CPU
		{3EC30E8E-79B0-40A3-9A6E-AA079BF334A3}.Release|x86.Build.0 = Release|Any CPU
	EndGlobalSection
EndGlobal
